
Microsoft Visual Studio Solution File, Format Version 12.00
Project("{FAE04EC0-301F-11D3-BF4B-00C04F79EFBC}") = "ClientService", "ClientService\ClientService.csproj", "{8840E584-DE78-4583-8356-5F569B547320}"
EndProject
Global
	GlobalSection(SolutionConfigurationPlatforms) = preSolution
		Debug|Any CPU = Debug|Any CPU
		Release|Any CPU = Release|Any CPU
	EndGlobalSection
	GlobalSection(ProjectConfigurationPlatforms) = postSolution
		{8840E584-DE78-4583-8356-5F569B547320}.Debug|Any CPU.ActiveCfg = Debug|Any CPU
		{8840E584-DE78-4583-8356-5F569B547320}.Debug|Any CPU.Build.0 = Debug|Any CPU
		{8840E584-DE78-4583-8356-5F569B547320}.Release|Any CPU.ActiveCfg = Release|Any CPU
		{8840E584-DE78-4583-8356-5F569B547320}.Release|Any CPU.Build.0 = Release|Any CPU
	EndGlobalSection
EndGlobal
